
Microsoft Visual Studio Solution File, Format Version 12.00
# Visual Studio 15
VisualStudioVersion = 15.0.27004.2005
MinimumVisualStudioVersion = 10.0.40219.1
Project("{FAE04EC0-301F-11D3-BF4B-00C04F79EFBC}") = "RedisHelper", "RedisHelper\RedisHelper.csproj", "{E7E75A7F-66BC-43E1-BB38-EF801ED4371A}"
EndProject
Global
	GlobalSection(SolutionConfigurationPlatforms) = preSolution
		Debug|Any CPU = Debug|Any CPU
		Release|Any CPU = Release|Any CPU
	EndGlobalSection
	GlobalSection(ProjectConfigurationPlatforms) = postSolution
		{E7E75A7F-66BC-43E1-BB38-EF801ED4371A}.Debug|Any CPU.ActiveCfg = Debug|Any CPU
		{E7E75A7F-66BC-43E1-BB38-EF801ED4371A}.Debug|Any CPU.Build.0 = Debug|Any CPU
		{E7E75A7F-66BC-43E1-BB38-EF801ED4371A}.Release|Any CPU.ActiveCfg = Release|Any CPU
		{E7E75A7F-66BC-43E1-BB38-EF801ED4371A}.Release|Any CPU.Build.0 = Release|Any CPU
	EndGlobalSection
	GlobalSection(SolutionProperties) = preSolution
		HideSolutionNode = FALSE
	EndGlobalSection
	GlobalSection(ExtensibilityGlobals) = postSolution
		SolutionGuid = {CB9195E6-118F-4159-B13E-FFE41A119DCC}
	EndGlobalSection
EndGlobal
